
Microsoft Visual Studio Solution File, Format Version 12.00
# Visual Studio Version 17
VisualStudioVersion = 17.5.002.0
MinimumVisualStudioVersion = 10.0.40219.1
Project("{9A19103F-16F7-4668-BE54-9A1E7A4F7556}") = "BookStoreApi", "BookStoreApi\BookStoreApi.csproj", "{B3B6A480-842C-481F-B48D-20C7CC79C1D0}"
EndProject
Project("{9A19103F-16F7-4668-BE54-9A1E7A4F7556}") = "BookstoreApi.Tests", "BookstoreApi.Tests\BookstoreApi.Tests.csproj", "{C015B51B-6795-4464-AB6F-95AD080F2BB2}"
EndProject
Global
	GlobalSection(SolutionConfigurationPlatforms) = preSolution
		Debug|Any CPU = Debug|Any CPU
		Release|Any CPU = Release|Any CPU
	EndGlobalSection
	GlobalSection(ProjectConfigurationPlatforms) = postSolution
		{B3B6A480-842C-481F-B48D-20C7CC79C1D0}.Debug|Any CPU.ActiveCfg = Debug|Any CPU
		{B3B6A480-842C-481F-B48D-20C7CC79C1D0}.Debug|Any CPU.Build.0 = Debug|Any CPU
		{B3B6A480-842C-481F-B48D-20C7CC79C1D0}.Release|Any CPU.ActiveCfg = Release|Any CPU
		{B3B6A480-842C-481F-B48D-20C7CC79C1D0}.Release|Any CPU.Build.0 = Release|Any CPU
		{C015B51B-6795-4464-AB6F-95AD080F2BB2}.Debug|Any CPU.ActiveCfg = Debug|Any CPU
		{C015B51B-6795-4464-AB6F-95AD080F2BB2}.Debug|Any CPU.Build.0 = Debug|Any CPU
		{C015B51B-6795-4464-AB6F-95AD080F2BB2}.Release|Any CPU.ActiveCfg = Release|Any CPU
		{C015B51B-6795-4464-AB6F-95AD080F2BB2}.Release|Any CPU.Build.0 = Release|Any CPU
	EndGlobalSection
	GlobalSection(SolutionProperties) = preSolution
		HideSolutionNode = FALSE
	EndGlobalSection
	GlobalSection(ExtensibilityGlobals) = postSolution
		SolutionGuid = {33273701-E996-41B5-8B89-598955E16114}
	EndGlobalSection
EndGlobal
